{
	"name": "@fortawesome/fontawesome-pro",
	"version": "6.0.0",
	"lockfileVersion": 2,
	"requires": true,
	"packages": {
		"": {
			"name": "@fortawesome/fontawesome-pro",
			"version": "6.0.0",
			"hasInstallScript": true,
			"license": "UNLICENSED",
			"engines": {
				"node": ">=6"
			}
		}
	}
}
