
Microsoft Visual Studio Solution File, Format Version 12.00
# Visual Studio Version 17
VisualStudioVersion = 17.5.33414.496
MinimumVisualStudioVersion = 10.0.40219.1
Project("{9A19103F-16F7-4668-BE54-9A1E7A4F7556}") = "FwaEu.MediCare", "FwaEu.MediCare\FwaEu.MediCare.csproj", "{1ECB98BF-942B-4A3C-B80C-70ED6ED8467F}"
EndProject
Project("{9A19103F-16F7-4668-BE54-9A1E7A4F7556}") = "FwaEu.Fwamework", "FwaEu.Fwamework\FwaEu.Fwamework.csproj", "{1DEFC845-A392-4A34-8270-FCF1B88A6393}"
EndProject
Project("{9A19103F-16F7-4668-BE54-9A1E7A4F7556}") = "FwaEu.Modules", "FwaEu.Modules\FwaEu.Modules.csproj", "{38C12EB2-3086-4BAE-859D-1397B8078F67}"
EndProject
Project("{54A90642-561A-4BB1-A94E-469ADEE60C69}") = "FwaEu.MediCare.WebUI", "FwaEu.MediCare.WebUI\FwaEu.MediCare.WebUI.esproj", "{800AEBE6-FCEB-4343-87C9-59BA377A519F}"
EndProject
Global
	GlobalSection(SolutionConfigurationPlatforms) = preSolution
		Debug|Any CPU = Debug|Any CPU
		Release|Any CPU = Release|Any CPU
	EndGlobalSection
	GlobalSection(ProjectConfigurationPlatforms) = postSolution
		{1ECB98BF-942B-4A3C-B80C-70ED6ED8467F}.Debug|Any CPU.ActiveCfg = Debug|Any CPU
		{1ECB98BF-942B-4A3C-B80C-70ED6ED8467F}.Debug|Any CPU.Build.0 = Debug|Any CPU
		{1ECB98BF-942B-4A3C-B80C-70ED6ED8467F}.Release|Any CPU.ActiveCfg = Release|Any CPU
		{1ECB98BF-942B-4A3C-B80C-70ED6ED8467F}.Release|Any CPU.Build.0 = Release|Any CPU
		{1DEFC845-A392-4A34-8270-FCF1B88A6393}.Debug|Any CPU.ActiveCfg = Debug|Any CPU
		{1DEFC845-A392-4A34-8270-FCF1B88A6393}.Debug|Any CPU.Build.0 = Debug|Any CPU
		{1DEFC845-A392-4A34-8270-FCF1B88A6393}.Release|Any CPU.ActiveCfg = Release|Any CPU
		{1DEFC845-A392-4A34-8270-FCF1B88A6393}.Release|Any CPU.Build.0 = Release|Any CPU
		{38C12EB2-3086-4BAE-859D-1397B8078F67}.Debug|Any CPU.ActiveCfg = Debug|Any CPU
		{38C12EB2-3086-4BAE-859D-1397B8078F67}.Debug|Any CPU.Build.0 = Debug|Any CPU
		{38C12EB2-3086-4BAE-859D-1397B8078F67}.Release|Any CPU.ActiveCfg = Release|Any CPU
		{38C12EB2-3086-4BAE-859D-1397B8078F67}.Release|Any CPU.Build.0 = Release|Any CPU
		{800AEBE6-FCEB-4343-87C9-59BA377A519F}.Debug|Any CPU.ActiveCfg = Debug|Any CPU
		{800AEBE6-FCEB-4343-87C9-59BA377A519F}.Debug|Any CPU.Build.0 = Debug|Any CPU
		{800AEBE6-FCEB-4343-87C9-59BA377A519F}.Debug|Any CPU.Deploy.0 = Debug|Any CPU
		{800AEBE6-FCEB-4343-87C9-59BA377A519F}.Release|Any CPU.ActiveCfg = Release|Any CPU
		{800AEBE6-FCEB-4343-87C9-59BA377A519F}.Release|Any CPU.Build.0 = Release|Any CPU
		{800AEBE6-FCEB-4343-87C9-59BA377A519F}.Release|Any CPU.Deploy.0 = Release|Any CPU
	EndGlobalSection
	GlobalSection(SolutionProperties) = preSolution
		HideSolutionNode = FALSE
	EndGlobalSection
	GlobalSection(ExtensibilityGlobals) = postSolution
		SolutionGuid = {838FEB2F-B8A9-430A-9C7D-AB650FD46890}
	EndGlobalSection
EndGlobal
